
Microsoft Visual Studio Solution File, Format Version 12.00
# Visual Studio 15
VisualStudioVersion = 15.0.28307.168
MinimumVisualStudioVersion = 10.0.40219.1
Project("{FAE04EC0-301F-11D3-BF4B-00C04F79EFBC}") = "SSHRestart", "SSHRestart.csproj", "{BE9FF9F9-74BD-4BFD-984B-7AB1E4DBD26D}"
EndProject
Global
	GlobalSection(SolutionConfigurationPlatforms) = preSolution
		Debug|Any CPU = Debug|Any CPU
		Release|Any CPU = Release|Any CPU
	EndGlobalSection
	GlobalSection(ProjectConfigurationPlatforms) = postSolution
		{BE9FF9F9-74BD-4BFD-984B-7AB1E4DBD26D}.Debug|Any CPU.ActiveCfg = Debug|Any CPU
		{BE9FF9F9-74BD-4BFD-984B-7AB1E4DBD26D}.Debug|Any CPU.Build.0 = Debug|Any CPU
		{BE9FF9F9-74BD-4BFD-984B-7AB1E4DBD26D}.Release|Any CPU.ActiveCfg = Release|Any CPU
		{BE9FF9F9-74BD-4BFD-984B-7AB1E4DBD26D}.Release|Any CPU.Build.0 = Release|Any CPU
	EndGlobalSection
	GlobalSection(SolutionProperties) = preSolution
		HideSolutionNode = FALSE
	EndGlobalSection
	GlobalSection(ExtensibilityGlobals) = postSolution
		SolutionGuid = {27088924-DDCC-4662-85C3-626E005E9AF2}
	EndGlobalSection
EndGlobal
